{
  "requires": true,
  "lockfileVersion": 1,
  "dependencies": {
    "colorsys": {
      "version": "1.0.21",
      "resolved": "https://registry.npmjs.org/colorsys/-/colorsys-1.0.21.tgz",
      "integrity": "sha512-Te1bdQYbZDkw002LdidPaUPyCNyRh4RHlu66qRTPyG/3NHStwKy8JbQhLFfvILQ2+zlqdNG3Qyx98ZOLYHaAjA=="
    }
  }
}
